
Microsoft Visual Studio Solution File, Format Version 12.00
# Visual Studio Version 17
VisualStudioVersion = 17.13.35825.156
MinimumVisualStudioVersion = 10.0.40219.1
Project("{2150E333-8FDC-42A3-9474-1A3956D46DE8}") = "Tyuiu.KhuzinaDR.Sprint7.Project.V10", "Tyuiu.KhuzinaDR.Sprint7.Project.V10", "{02EA681E-C7D8-13C7-8484-4AC65E1B71E8}"
EndProject
Project("{FAE04EC0-301F-11D3-BF4B-00C04F79EFBC}") = "WinFormsApp1", "WinFormsApp1\WinFormsApp1.csproj", "{5E536FCC-23EB-4370-BFB2-F02FEB1DF208}"
EndProject
Project("{FAE04EC0-301F-11D3-BF4B-00C04F79EFBC}") = "Tyuiu.KhuzinaDR.Sprint7.Project.V10.Lib", "Tyuiu.KhuzinaDR.Sprint7.Project.V10.Lib\Tyuiu.KhuzinaDR.Sprint7.Project.V10.Lib.csproj", "{57C03DCC-2C46-497C-9230-0AED02C78BC5}"
EndProject
Global
	GlobalSection(SolutionConfigurationPlatforms) = preSolution
		Debug|Any CPU = Debug|Any CPU
		Release|Any CPU = Release|Any CPU
	EndGlobalSection
	GlobalSection(ProjectConfigurationPlatforms) = postSolution
		{5E536FCC-23EB-4370-BFB2-F02FEB1DF208}.Debug|Any CPU.ActiveCfg = Debug|Any CPU
		{5E536FCC-23EB-4370-BFB2-F02FEB1DF208}.Debug|Any CPU.Build.0 = Debug|Any CPU
		{5E536FCC-23EB-4370-BFB2-F02FEB1DF208}.Release|Any CPU.ActiveCfg = Release|Any CPU
		{5E536FCC-23EB-4370-BFB2-F02FEB1DF208}.Release|Any CPU.Build.0 = Release|Any CPU
		{57C03DCC-2C46-497C-9230-0AED02C78BC5}.Debug|Any CPU.ActiveCfg = Debug|Any CPU
		{57C03DCC-2C46-497C-9230-0AED02C78BC5}.Debug|Any CPU.Build.0 = Debug|Any CPU
		{57C03DCC-2C46-497C-9230-0AED02C78BC5}.Release|Any CPU.ActiveCfg = Release|Any CPU
		{57C03DCC-2C46-497C-9230-0AED02C78BC5}.Release|Any CPU.Build.0 = Release|Any CPU
	EndGlobalSection
	GlobalSection(SolutionProperties) = preSolution
		HideSolutionNode = FALSE
	EndGlobalSection
	GlobalSection(NestedProjects) = preSolution
		{5E536FCC-23EB-4370-BFB2-F02FEB1DF208} = {02EA681E-C7D8-13C7-8484-4AC65E1B71E8}
		{57C03DCC-2C46-497C-9230-0AED02C78BC5} = {02EA681E-C7D8-13C7-8484-4AC65E1B71E8}
	EndGlobalSection
	GlobalSection(ExtensibilityGlobals) = postSolution
		SolutionGuid = {168AB23B-B86C-4094-B62B-B9FCA499A61E}
	EndGlobalSection
EndGlobal
